
Microsoft Visual Studio Solution File, Format Version 12.00
# Visual Studio 14
VisualStudioVersion = 14.0.25420.1
MinimumVisualStudioVersion = 10.0.40219.1
Project("{FAE04EC0-301F-11D3-BF4B-00C04F79EFBC}") = "RecitingWord", "RecitingWord\RecitingWord.csproj", "{E25C1366-AF18-4E53-97B6-24F58394AEB5}"
EndProject
Project("{FAE04EC0-301F-11D3-BF4B-00C04F79EFBC}") = "MVVM", "..\..\src\我的Dll库\MVVM\MVVM.csproj", "{B3BE1BA4-F131-43BD-A353-B90A02EEF335}"
EndProject
Global
	GlobalSection(SolutionConfigurationPlatforms) = preSolution
		Debug|Any CPU = Debug|Any CPU
		Release|Any CPU = Release|Any CPU
	EndGlobalSection
	GlobalSection(ProjectConfigurationPlatforms) = postSolution
		{E25C1366-AF18-4E53-97B6-24F58394AEB5}.Debug|Any CPU.ActiveCfg = Debug|Any CPU
		{E25C1366-AF18-4E53-97B6-24F58394AEB5}.Debug|Any CPU.Build.0 = Debug|Any CPU
		{E25C1366-AF18-4E53-97B6-24F58394AEB5}.Release|Any CPU.ActiveCfg = Release|Any CPU
		{E25C1366-AF18-4E53-97B6-24F58394AEB5}.Release|Any CPU.Build.0 = Release|Any CPU
		{B3BE1BA4-F131-43BD-A353-B90A02EEF335}.Debug|Any CPU.ActiveCfg = Debug|Any CPU
		{B3BE1BA4-F131-43BD-A353-B90A02EEF335}.Debug|Any CPU.Build.0 = Debug|Any CPU
		{B3BE1BA4-F131-43BD-A353-B90A02EEF335}.Release|Any CPU.ActiveCfg = Release|Any CPU
		{B3BE1BA4-F131-43BD-A353-B90A02EEF335}.Release|Any CPU.Build.0 = Release|Any CPU
	EndGlobalSection
	GlobalSection(SolutionProperties) = preSolution
		HideSolutionNode = FALSE
	EndGlobalSection
EndGlobal
